
Microsoft Visual Studio Solution File, Format Version 12.00
# Visual Studio 15
Project("{FAE04EC0-301F-11D3-BF4B-00C04F79EFBC}") = "Project", "Project.csproj", "{5D51C5D3-84D3-1E00-D566-2F4E3E33CA43}"
EndProject
Project("{FAE04EC0-301F-11D3-BF4B-00C04F79EFBC}") = "FeiTests", "FeiTests.csproj", "{C8FB2FBD-1CD4-7B49-4A7F-92853DC9AA0B}"
EndProject
Global
	GlobalSection(SolutionConfigurationPlatforms) = preSolution
		Debug|Any CPU = Debug|Any CPU
		Release|Any CPU = Release|Any CPU
	EndGlobalSection
	GlobalSection(ProjectConfigurationPlatforms) = postSolution
		{5D51C5D3-84D3-1E00-D566-2F4E3E33CA43}.Debug|Any CPU.ActiveCfg = Debug|Any CPU
		{5D51C5D3-84D3-1E00-D566-2F4E3E33CA43}.Debug|Any CPU.Build.0 = Debug|Any CPU
		{5D51C5D3-84D3-1E00-D566-2F4E3E33CA43}.Release|Any CPU.ActiveCfg = Release|Any CPU
		{5D51C5D3-84D3-1E00-D566-2F4E3E33CA43}.Release|Any CPU.Build.0 = Release|Any CPU
		{C8FB2FBD-1CD4-7B49-4A7F-92853DC9AA0B}.Debug|Any CPU.ActiveCfg = Debug|Any CPU
		{C8FB2FBD-1CD4-7B49-4A7F-92853DC9AA0B}.Debug|Any CPU.Build.0 = Debug|Any CPU
		{C8FB2FBD-1CD4-7B49-4A7F-92853DC9AA0B}.Release|Any CPU.ActiveCfg = Release|Any CPU
		{C8FB2FBD-1CD4-7B49-4A7F-92853DC9AA0B}.Release|Any CPU.Build.0 = Release|Any CPU
	EndGlobalSection
	GlobalSection(SolutionProperties) = preSolution
		HideSolutionNode = FALSE
	EndGlobalSection
EndGlobal
